
Microsoft Visual Studio Solution File, Format Version 12.00
# Visual Studio Version 16
VisualStudioVersion = 16.0.31129.286
MinimumVisualStudioVersion = 10.0.40219.1
Project("{FAE04EC0-301F-11D3-BF4B-00C04F79EFBC}") = "HelloJenkins", "HelloJenkins\HelloJenkins.csproj", "{D35F4873-3A1A-4CC6-814B-9E3570C4C520}"
EndProject
Project("{FAE04EC0-301F-11D3-BF4B-00C04F79EFBC}") = "HelloJenkins.UnitTests", "HelloJenkins.UnitTests\HelloJenkins.UnitTests.csproj", "{7850D8E4-01F0-4E40-B3AB-AEB5AAE25261}"
EndProject
Project("{2150E333-8FDC-42A3-9474-1A3956D46DE8}") = "CiCD", "CiCD", "{012BC77A-7A5A-4C55-9260-816A5AAB762B}"
	ProjectSection(SolutionItems) = preProject
		Jenkinsfile.txt = Jenkinsfile.txt
	EndProjectSection
EndProject
Global
	GlobalSection(SolutionConfigurationPlatforms) = preSolution
		Debug|Any CPU = Debug|Any CPU
		Release|Any CPU = Release|Any CPU
	EndGlobalSection
	GlobalSection(ProjectConfigurationPlatforms) = postSolution
		{D35F4873-3A1A-4CC6-814B-9E3570C4C520}.Debug|Any CPU.ActiveCfg = Debug|Any CPU
		{D35F4873-3A1A-4CC6-814B-9E3570C4C520}.Debug|Any CPU.Build.0 = Debug|Any CPU
		{D35F4873-3A1A-4CC6-814B-9E3570C4C520}.Release|Any CPU.ActiveCfg = Release|Any CPU
		{D35F4873-3A1A-4CC6-814B-9E3570C4C520}.Release|Any CPU.Build.0 = Release|Any CPU
		{7850D8E4-01F0-4E40-B3AB-AEB5AAE25261}.Debug|Any CPU.ActiveCfg = Debug|Any CPU
		{7850D8E4-01F0-4E40-B3AB-AEB5AAE25261}.Debug|Any CPU.Build.0 = Debug|Any CPU
		{7850D8E4-01F0-4E40-B3AB-AEB5AAE25261}.Release|Any CPU.ActiveCfg = Release|Any CPU
		{7850D8E4-01F0-4E40-B3AB-AEB5AAE25261}.Release|Any CPU.Build.0 = Release|Any CPU
	EndGlobalSection
	GlobalSection(SolutionProperties) = preSolution
		HideSolutionNode = FALSE
	EndGlobalSection
	GlobalSection(ExtensibilityGlobals) = postSolution
		SolutionGuid = {639BBED1-BCEA-4A57-A946-24C87B09BC16}
	EndGlobalSection
EndGlobal
